# This file is automatically @generated by Cargo.
# It is not intended for manual editing.
version = 3

[[package]]
name = "connectioniterator"
version = "0.1.0"
dependencies = [
 "dyn-clone",
]

[[package]]
name = "dyn-clone"
version = "1.0.13"
source = "registry+https://github.com/rust-lang/crates.io-index"
checksum = "bbfc4744c1b8f2a09adc0e55242f60b1af195d88596bd8700be74418c056c555"
